# THIS IS AN AUTOGENERATED FILE. DO NOT EDIT THIS FILE DIRECTLY.
# yarn lockfile v1


"@lukeed/csprng@^1.0.0":
  version "1.0.0"
  resolved "https://registry.yarnpkg.com/@lukeed/csprng/-/csprng-1.0.0.tgz#733a122382749d27e2e46ec38f8c71c9d53a9636"
  integrity sha512-ruuGHsnabmObBdeMg3vKdGRmh06Oog3eFpf/Tk6X0kDSJDpJTDCj2dqdp1+0VjzIUgHlFF9GBm7uFqfYhhdX9g==

uid@^2.0.0:
  version "2.0.0"
  resolved "https://registry.yarnpkg.com/uid/-/uid-2.0.0.tgz#1773bec106e96955f1658f20272e2ccea414e8bc"
  integrity sha512-hFw+zKBA1szYdbZWj6FjTxZzJnKNf+wTDcsxlJaXS64MCy9LQEmJUVieGYHCKek/WRyFIcs0cEXtGIQmfvHe2A==
  dependencies:
    "@lukeed/csprng" "^1.0.0"
